
Microsoft Visual Studio Solution File, Format Version 12.00
# Visual Studio Version 16
VisualStudioVersion = 25.0.1703.5
MinimumVisualStudioVersion = 10.0.40219.1
Project("{FAE04EC0-301F-11D3-BF4B-00C04F79EFBC}") = "ElementsLib", "ElementsLib.csproj", "{6B2A34A0-19DA-40F7-9C97-4065CAC8B3D2}"
EndProject
Global
	GlobalSection(SolutionConfigurationPlatforms) = preSolution
		Debug|Any CPU = Debug|Any CPU
		Release|Any CPU = Release|Any CPU
	EndGlobalSection
	GlobalSection(ProjectConfigurationPlatforms) = postSolution
		{6B2A34A0-19DA-40F7-9C97-4065CAC8B3D2}.Debug|Any CPU.ActiveCfg = Debug|Any CPU
		{6B2A34A0-19DA-40F7-9C97-4065CAC8B3D2}.Debug|Any CPU.Build.0 = Debug|Any CPU
		{6B2A34A0-19DA-40F7-9C97-4065CAC8B3D2}.Release|Any CPU.ActiveCfg = Release|Any CPU
		{6B2A34A0-19DA-40F7-9C97-4065CAC8B3D2}.Release|Any CPU.Build.0 = Release|Any CPU
	EndGlobalSection
	GlobalSection(SolutionProperties) = preSolution
		HideSolutionNode = FALSE
	EndGlobalSection
	GlobalSection(ExtensibilityGlobals) = postSolution
		SolutionGuid = {34AD2685-0332-4F8C-ACD1-EC9520478E0A}
	EndGlobalSection
EndGlobal
